
Microsoft Visual Studio Solution File, Format Version 12.00
# Visual Studio Version 16
VisualStudioVersion = 16.0.31112.23
MinimumVisualStudioVersion = 10.0.40219.1
Project("{FAE04EC0-301F-11D3-BF4B-00C04F79EFBC}") = "Q.50", "Q.50.csproj", "{49E49F8B-4B2E-43C1-8EFA-72234FBABF5D}"
EndProject
Global
	GlobalSection(SolutionConfigurationPlatforms) = preSolution
		Debug|Any CPU = Debug|Any CPU
		Release|Any CPU = Release|Any CPU
	EndGlobalSection
	GlobalSection(ProjectConfigurationPlatforms) = postSolution
		{49E49F8B-4B2E-43C1-8EFA-72234FBABF5D}.Debug|Any CPU.ActiveCfg = Debug|Any CPU
		{49E49F8B-4B2E-43C1-8EFA-72234FBABF5D}.Debug|Any CPU.Build.0 = Debug|Any CPU
		{49E49F8B-4B2E-43C1-8EFA-72234FBABF5D}.Release|Any CPU.ActiveCfg = Release|Any CPU
		{49E49F8B-4B2E-43C1-8EFA-72234FBABF5D}.Release|Any CPU.Build.0 = Release|Any CPU
	EndGlobalSection
	GlobalSection(SolutionProperties) = preSolution
		HideSolutionNode = FALSE
	EndGlobalSection
	GlobalSection(ExtensibilityGlobals) = postSolution
		SolutionGuid = {6F4F6D22-0CA1-4835-A0B5-5A0031B91308}
	EndGlobalSection
EndGlobal
